
Microsoft Visual Studio Solution File, Format Version 12.00
# Visual Studio Version 16
VisualStudioVersion = 16.0.30804.86
MinimumVisualStudioVersion = 10.0.40219.1
Project("{FAE04EC0-301F-11D3-BF4B-00C04F79EFBC}") = "ThreeColoredButtons", "ThreeColoredButtons.csproj", "{BC5E7986-BC8B-4401-9B69-DCF475ADACFA}"
EndProject
Global
	GlobalSection(SolutionConfigurationPlatforms) = preSolution
		Debug|Any CPU = Debug|Any CPU
		Release|Any CPU = Release|Any CPU
	EndGlobalSection
	GlobalSection(ProjectConfigurationPlatforms) = postSolution
		{BC5E7986-BC8B-4401-9B69-DCF475ADACFA}.Debug|Any CPU.ActiveCfg = Debug|Any CPU
		{BC5E7986-BC8B-4401-9B69-DCF475ADACFA}.Debug|Any CPU.Build.0 = Debug|Any CPU
		{BC5E7986-BC8B-4401-9B69-DCF475ADACFA}.Release|Any CPU.ActiveCfg = Release|Any CPU
		{BC5E7986-BC8B-4401-9B69-DCF475ADACFA}.Release|Any CPU.Build.0 = Release|Any CPU
	EndGlobalSection
	GlobalSection(SolutionProperties) = preSolution
		HideSolutionNode = FALSE
	EndGlobalSection
	GlobalSection(ExtensibilityGlobals) = postSolution
		SolutionGuid = {A49FA002-FAFA-4D99-8589-1617976EF32C}
	EndGlobalSection
EndGlobal
